{
  "name": "harbinger",
  "version": "0.0.1",
  "lockfileVersion": 2,
  "requires": true,
  "packages": {
    "": {
      "name": "harbinger",
      "version": "0.0.1",
      "license": "ISC"
    },
    "../../../../../../AppData/Roaming/npm/node_modules/list": {
      "version": "2.0.19",
      "integrity": "sha512-nnVaRp4RaMAQkCpypTThsdxKqgPMiSwJq93eAm2/IbpUa8sd04XKBhkKu+bMk63HmdjK8b8Cuh4xARHWX2ye/Q==",
      "extraneous": true,
      "devDependencies": {
        "@types/chai": "^4.2.3",
        "@types/mocha": "^5.2.7",
        "@types/ramda": "^0.26.28",
        "babel-cli": "^6.26.0",
        "babel-core": "^6.26.3",
        "babel-plugin-annotate-pure-calls": "^0.4.0",
        "chai": "4.2.0",
        "cherry-pick": "^0.5.0",
        "codecov": "^3.6.1",
        "fast-check": "^1.17.0",
        "mocha": "^6.2.1",
        "np": "^5.1.0",
        "nyc": "^14.1.1",
        "prettier": "1.18.2",
        "proptest": "0.0.4",
        "ramda": "0.26.1",
        "source-map-support": "^0.5.13",
        "ts-node": "^8.4.1",
        "tslint": "^5.20.0",
        "typescript": "^3.6.3"
      }
    }
  }
}
